
Microsoft Visual Studio Solution File, Format Version 12.00
# Visual Studio 15
VisualStudioVersion = 15.0.28010.2048
MinimumVisualStudioVersion = 10.0.40219.1
Project("{FAE04EC0-301F-11D3-BF4B-00C04F79EFBC}") = "AquariumUI", "AquariumUI\AquariumUI.csproj", "{F476ACCF-93C2-4735-8B83-035EFF325BFF}"
EndProject
Global
	GlobalSection(SolutionConfigurationPlatforms) = preSolution
		Debug|Any CPU = Debug|Any CPU
		Release|Any CPU = Release|Any CPU
	EndGlobalSection
	GlobalSection(ProjectConfigurationPlatforms) = postSolution
		{F476ACCF-93C2-4735-8B83-035EFF325BFF}.Debug|Any CPU.ActiveCfg = Debug|Any CPU
		{F476ACCF-93C2-4735-8B83-035EFF325BFF}.Debug|Any CPU.Build.0 = Debug|Any CPU
		{F476ACCF-93C2-4735-8B83-035EFF325BFF}.Release|Any CPU.ActiveCfg = Release|Any CPU
		{F476ACCF-93C2-4735-8B83-035EFF325BFF}.Release|Any CPU.Build.0 = Release|Any CPU
	EndGlobalSection
	GlobalSection(SolutionProperties) = preSolution
		HideSolutionNode = FALSE
	EndGlobalSection
	GlobalSection(ExtensibilityGlobals) = postSolution
		SolutionGuid = {7470C484-9380-40D8-AB49-6320340316B5}
	EndGlobalSection
EndGlobal
